
Microsoft Visual Studio Solution File, Format Version 12.00
Project("{FAE04EC0-301F-11D3-BF4B-00C04F79EFBC}") = "CachingExample.Web", "CachingExample.Web\CachingExample.Web.csproj", "{8B9FD79C-3632-4556-94FF-FECBDF247F95}"
EndProject
Project("{FAE04EC0-301F-11D3-BF4B-00C04F79EFBC}") = "CachingExample.ApplicationCore", "CachingExample.ApplicationCore\CachingExample.ApplicationCore.csproj", "{73F52DC5-BE21-4E16-823C-1D3390FFBDF5}"
EndProject
Global
	GlobalSection(SolutionConfigurationPlatforms) = preSolution
		Debug|Any CPU = Debug|Any CPU
		Release|Any CPU = Release|Any CPU
	EndGlobalSection
	GlobalSection(ProjectConfigurationPlatforms) = postSolution
		{8B9FD79C-3632-4556-94FF-FECBDF247F95}.Debug|Any CPU.ActiveCfg = Debug|Any CPU
		{8B9FD79C-3632-4556-94FF-FECBDF247F95}.Debug|Any CPU.Build.0 = Debug|Any CPU
		{8B9FD79C-3632-4556-94FF-FECBDF247F95}.Release|Any CPU.ActiveCfg = Release|Any CPU
		{8B9FD79C-3632-4556-94FF-FECBDF247F95}.Release|Any CPU.Build.0 = Release|Any CPU
		{28ECF423-B7F4-418C-B786-D08FBF455D5E}.Debug|Any CPU.ActiveCfg = Debug|Any CPU
		{28ECF423-B7F4-418C-B786-D08FBF455D5E}.Debug|Any CPU.Build.0 = Debug|Any CPU
		{28ECF423-B7F4-418C-B786-D08FBF455D5E}.Release|Any CPU.ActiveCfg = Release|Any CPU
		{28ECF423-B7F4-418C-B786-D08FBF455D5E}.Release|Any CPU.Build.0 = Release|Any CPU
		{73F52DC5-BE21-4E16-823C-1D3390FFBDF5}.Debug|Any CPU.ActiveCfg = Debug|Any CPU
		{73F52DC5-BE21-4E16-823C-1D3390FFBDF5}.Debug|Any CPU.Build.0 = Debug|Any CPU
		{73F52DC5-BE21-4E16-823C-1D3390FFBDF5}.Release|Any CPU.ActiveCfg = Release|Any CPU
		{73F52DC5-BE21-4E16-823C-1D3390FFBDF5}.Release|Any CPU.Build.0 = Release|Any CPU
	EndGlobalSection
EndGlobal
